// !$*UTF8*$!
{
	archiveVersion = 1;
	classes = {
	};
	objectVersion = 51;
	objects = {

/* Begin PBXBuildFile section */
		7CD6C71327021C6500C1487F /* Structs.swift in Sources */ = {isa = PBXBuildFile; fileRef = 7CD6C70227021C6500C1487F /* Structs.swift */; };
		7CD6C71427021C6500C1487F /* Constants.swift in Sources */ = {isa = PBXBuildFile; fileRef = 7CD6C70427021C6500C1487F /* Constants.swift */; };
		7CD6C71527021C6500C1487F /* RequestManager.swift in Sources */ = {isa = PBXBuildFile; fileRef = 7CD6C70527021C6500C1487F /* RequestManager.swift */; };
		7CD6C71627021C6500C1487F /* Extensions.swift in Sources */ = {isa = PBXBuildFile; fileRef = 7CD6C70627021C6500C1487F /* Extensions.swift */; };
		7CD6C71827021C6500C1487F /* Utils.swift in Sources */ = {isa = PBXBuildFile; fileRef = 7CD6C70827021C6500C1487F /* Utils.swift */; };
		7CD6C71A270231E900C1487F /* Main.storyboard in Resources */ = {isa = PBXBuildFile; fileRef = 7CD6C719270231E900C1487F /* Main.storyboard */; };
		7CD6C71C2702322700C1487F /* FoodsVC.swift in Sources */ = {isa = PBXBuildFile; fileRef = 7CD6C71B2702322700C1487F /* FoodsVC.swift */; };
		7CD6C71E2702324D00C1487F /* ReceipeDetailsVC.swift in Sources */ = {isa = PBXBuildFile; fileRef = 7CD6C71D2702324D00C1487F /* ReceipeDetailsVC.swift */; };
		7CD6C720270232F100C1487F /* FoodsVCContentCell.swift in Sources */ = {isa = PBXBuildFile; fileRef = 7CD6C71F270232F100C1487F /* FoodsVCContentCell.swift */; };
		7CD6C7222702334600C1487F /* FoodsVCHeaderView.swift in Sources */ = {isa = PBXBuildFile; fileRef = 7CD6C7212702334600C1487F /* FoodsVCHeaderView.swift */; };
		7CD6C724270233A200C1487F /* Assets.xcassets in Resources */ = {isa = PBXBuildFile; fileRef = 7CD6C723270233A200C1487F /* Assets.xcassets */; };
		7CD6C726270233ED00C1487F /* AppDelegate.swift in Sources */ = {isa = PBXBuildFile; fileRef = 7CD6C725270233ED00C1487F /* AppDelegate.swift */; };
		7CD6C7282702342F00C1487F /* LaunchScreen.storyboard in Resources */ = {isa = PBXBuildFile; fileRef = 7CD6C7272702342F00C1487F /* LaunchScreen.storyboard */; };
		DE6738B8A6902F0F243950FC /* Pods_TechLabDemo.framework in Frameworks */ = {isa = PBXBuildFile; fileRef = 2B43E766080E2DE730669E74 /* Pods_TechLabDemo.framework */; };
/* End PBXBuildFile section */

/* Begin PBXFileReference section */
		06C290A7BCBE3D94DDB5C55A /* Pods-TechLabDemo.release.xcconfig */ = {isa = PBXFileReference; includeInIndex = 1; lastKnownFileType = text.xcconfig; name = "Pods-TechLabDemo.release.xcconfig"; path = "Target Support Files/Pods-TechLabDemo/Pods-TechLabDemo.release.xcconfig"; sourceTree = "<group>"; };
		2B43E766080E2DE730669E74 /* Pods_TechLabDemo.framework */ = {isa = PBXFileReference; explicitFileType = wrapper.framework; includeInIndex = 0; path = Pods_TechLabDemo.framework; sourceTree = BUILT_PRODUCTS_DIR; };
		7CD6C6D62702194500C1487F /* TechLabDemo.app */ = {isa = PBXFileReference; explicitFileType = wrapper.application; includeInIndex = 0; path = TechLabDemo.app; sourceTree = BUILT_PRODUCTS_DIR; };
		7CD6C6E72702194600C1487F /* Info.plist */ = {isa = PBXFileReference; lastKnownFileType = text.plist.xml; path = Info.plist; sourceTree = "<group>"; };
		7CD6C70227021C6500C1487F /* Structs.swift */ = {isa = PBXFileReference; fileEncoding = 4; lastKnownFileType = sourcecode.swift; path = Structs.swift; sourceTree = "<group>"; };
		7CD6C70427021C6500C1487F /* Constants.swift */ = {isa = PBXFileReference; fileEncoding = 4; lastKnownFileType = sourcecode.swift; path = Constants.swift; sourceTree = "<group>"; };
		7CD6C70527021C6500C1487F /* RequestManager.swift */ = {isa = PBXFileReference; fileEncoding = 4; lastKnownFileType = sourcecode.swift; path = RequestManager.swift; sourceTree = "<group>"; };
		7CD6C70627021C6500C1487F /* Extensions.swift */ = {isa = PBXFileReference; fileEncoding = 4; lastKnownFileType = sourcecode.swift; path = Extensions.swift; sourceTree = "<group>"; };
		7CD6C70827021C6500C1487F /* Utils.swift */ = {isa = PBXFileReference; fileEncoding = 4; lastKnownFileType = sourcecode.swift; path = Utils.swift; sourceTree = "<group>"; };
		7CD6C719270231E900C1487F /* Main.storyboard */ = {isa = PBXFileReference; lastKnownFileType = file.storyboard; path = Main.storyboard; sourceTree = "<group>"; };
		7CD6C71B2702322700C1487F /* FoodsVC.swift */ = {isa = PBXFileReference; lastKnownFileType = sourcecode.swift; path = FoodsVC.swift; sourceTree = "<group>"; };
		7CD6C71D2702324D00C1487F /* ReceipeDetailsVC.swift */ = {isa = PBXFileReference; lastKnownFileType = sourcecode.swift; path = ReceipeDetailsVC.swift; sourceTree = "<group>"; };
		7CD6C71F270232F100C1487F /* FoodsVCContentCell.swift */ = {isa = PBXFileReference; lastKnownFileType = sourcecode.swift; path = FoodsVCContentCell.swift; sourceTree = "<group>"; };
		7CD6C7212702334600C1487F /* FoodsVCHeaderView.swift */ = {isa = PBXFileReference; lastKnownFileType = sourcecode.swift; path = FoodsVCHeaderView.swift; sourceTree = "<group>"; };
		7CD6C723270233A200C1487F /* Assets.xcassets */ = {isa = PBXFileReference; lastKnownFileType = folder.assetcatalog; path = Assets.xcassets; sourceTree = "<group>"; };
		7CD6C725270233ED00C1487F /* AppDelegate.swift */ = {isa = PBXFileReference; lastKnownFileType = sourcecode.swift; path = AppDelegate.swift; sourceTree = "<group>"; };
		7CD6C7272702342F00C1487F /* LaunchScreen.storyboard */ = {isa = PBXFileReference; lastKnownFileType = file.storyboard; path = LaunchScreen.storyboard; sourceTree = "<group>"; };
		A38D469DC25161E1203CA61D /* Pods-TechLabDemo.debug.xcconfig */ = {isa = PBXFileReference; includeInIndex = 1; lastKnownFileType = text.xcconfig; name = "Pods-TechLabDemo.debug.xcconfig"; path = "Target Support Files/Pods-TechLabDemo/Pods-TechLabDemo.debug.xcconfig"; sourceTree = "<group>"; };
/* End PBXFileReference section */

/* Begin PBXFrameworksBuildPhase section */
		7CD6C6D32702194500C1487F /* Frameworks */ = {
			isa = PBXFrameworksBuildPhase;
			buildActionMask = 2147483647;
			files = (
				DE6738B8A6902F0F243950FC /* Pods_TechLabDemo.framework in Frameworks */,
			);
			runOnlyForDeploymentPostprocessing = 0;
		};
/* End PBXFrameworksBuildPhase section */

/* Begin PBXGroup section */
		4EFE571D7508B0B2C74B568D /* Pods */ = {
			isa = PBXGroup;
			children = (
				A38D469DC25161E1203CA61D /* Pods-TechLabDemo.debug.xcconfig */,
				06C290A7BCBE3D94DDB5C55A /* Pods-TechLabDemo.release.xcconfig */,
			);
			path = Pods;
			sourceTree = "<group>";
		};
		55498D8AFF2296F6468C7D06 /* Frameworks */ = {
			isa = PBXGroup;
			children = (
				2B43E766080E2DE730669E74 /* Pods_TechLabDemo.framework */,
			);
			name = Frameworks;
			sourceTree = "<group>";
		};
		7CD6C6CD2702194500C1487F = {
			isa = PBXGroup;
			children = (
				7CD6C6D82702194500C1487F /* TechLabDemo */,
				7CD6C6D72702194500C1487F /* Products */,
				4EFE571D7508B0B2C74B568D /* Pods */,
				55498D8AFF2296F6468C7D06 /* Frameworks */,
			);
			sourceTree = "<group>";
		};
		7CD6C6D72702194500C1487F /* Products */ = {
			isa = PBXGroup;
			children = (
				7CD6C6D62702194500C1487F /* TechLabDemo.app */,
			);
			name = Products;
			sourceTree = "<group>";
		};
		7CD6C6D82702194500C1487F /* TechLabDemo */ = {
			isa = PBXGroup;
			children = (
				7CD6C6EF27021C6500C1487F /* View Controllers */,
				7CD6C6F727021C6500C1487F /* Views */,
				7CD6C70127021C6500C1487F /* Models */,
				7CD6C70327021C6500C1487F /* Utils */,
				7CD6C6FB27021C6500C1487F /* Supporting Files */,
				7CD6C6E72702194600C1487F /* Info.plist */,
			);
			path = TechLabDemo;
			sourceTree = "<group>";
		};
		7CD6C6EF27021C6500C1487F /* View Controllers */ = {
			isa = PBXGroup;
			children = (
				7CD6C71B2702322700C1487F /* FoodsVC.swift */,
				7CD6C71D2702324D00C1487F /* ReceipeDetailsVC.swift */,
			);
			path = "View Controllers";
			sourceTree = "<group>";
		};
		7CD6C6F227021C6500C1487F /* Storyboards */ = {
			isa = PBXGroup;
			children = (
				7CD6C719270231E900C1487F /* Main.storyboard */,
				7CD6C7272702342F00C1487F /* LaunchScreen.storyboard */,
			);
			path = Storyboards;
			sourceTree = "<group>";
		};
		7CD6C6F727021C6500C1487F /* Views */ = {
			isa = PBXGroup;
			children = (
				7CD6C6F827021C6500C1487F /* Cells & Headers */,
				7CD6C6F227021C6500C1487F /* Storyboards */,
			);
			path = Views;
			sourceTree = "<group>";
		};
		7CD6C6F827021C6500C1487F /* Cells & Headers */ = {
			isa = PBXGroup;
			children = (
				7CD6C71F270232F100C1487F /* FoodsVCContentCell.swift */,
				7CD6C7212702334600C1487F /* FoodsVCHeaderView.swift */,
			);
			path = "Cells & Headers";
			sourceTree = "<group>";
		};
		7CD6C6FB27021C6500C1487F /* Supporting Files */ = {
			isa = PBXGroup;
			children = (
				7CD6C725270233ED00C1487F /* AppDelegate.swift */,
				7CD6C723270233A200C1487F /* Assets.xcassets */,
			);
			path = "Supporting Files";
			sourceTree = "<group>";
		};
		7CD6C70127021C6500C1487F /* Models */ = {
			isa = PBXGroup;
			children = (
				7CD6C70227021C6500C1487F /* Structs.swift */,
			);
			path = Models;
			sourceTree = "<group>";
		};
		7CD6C70327021C6500C1487F /* Utils */ = {
			isa = PBXGroup;
			children = (
				7CD6C70427021C6500C1487F /* Constants.swift */,
				7CD6C70527021C6500C1487F /* RequestManager.swift */,
				7CD6C70627021C6500C1487F /* Extensions.swift */,
				7CD6C70827021C6500C1487F /* Utils.swift */,
			);
			path = Utils;
			sourceTree = "<group>";
		};
/* End PBXGroup section */

/* Begin PBXNativeTarget section */
		7CD6C6D52702194500C1487F /* TechLabDemo */ = {
			isa = PBXNativeTarget;
			buildConfigurationList = 7CD6C6EA2702194600C1487F /* Build configuration list for PBXNativeTarget "TechLabDemo" */;
			buildPhases = (
				9336FC2A29C6ACB0908F53C4 /* [CP] Check Pods Manifest.lock */,
				7CD6C6D22702194500C1487F /* Sources */,
				7CD6C6D32702194500C1487F /* Frameworks */,
				7CD6C6D42702194500C1487F /* Resources */,
				E1CB6C70829C5CEED31520EB /* [CP] Embed Pods Frameworks */,
			);
			buildRules = (
			);
			dependencies = (
			);
			name = TechLabDemo;
			productName = TechLabDemo;
			productReference = 7CD6C6D62702194500C1487F /* TechLabDemo.app */;
			productType = "com.apple.product-type.application";
		};
/* End PBXNativeTarget section */

/* Begin PBXProject section */
		7CD6C6CE2702194500C1487F /* Project object */ = {
			isa = PBXProject;
			attributes = {
				LastSwiftUpdateCheck = 1250;
				LastUpgradeCheck = 1250;
				TargetAttributes = {
					7CD6C6D52702194500C1487F = {
						CreatedOnToolsVersion = 12.5;
					};
				};
			};
			buildConfigurationList = 7CD6C6D12702194500C1487F /* Build configuration list for PBXProject "TechLabDemo" */;
			compatibilityVersion = "Xcode 9.3";
			developmentRegion = en;
			hasScannedForEncodings = 0;
			knownRegions = (
				en,
				Base,
			);
			mainGroup = 7CD6C6CD2702194500C1487F;
			productRefGroup = 7CD6C6D72702194500C1487F /* Products */;
			projectDirPath = "";
			projectRoot = "";
			targets = (
				7CD6C6D52702194500C1487F /* TechLabDemo */,
			);
		};
/* End PBXProject section */

/* Begin PBXResourcesBuildPhase section */
		7CD6C6D42702194500C1487F /* Resources */ = {
			isa = PBXResourcesBuildPhase;
			buildActionMask = 2147483647;
			files = (
				7CD6C724270233A200C1487F /* Assets.xcassets in Resources */,
				7CD6C7282702342F00C1487F /* LaunchScreen.storyboard in Resources */,
				7CD6C71A270231E900C1487F /* Main.storyboard in Resources */,
			);
			runOnlyForDeploymentPostprocessing = 0;
		};
/* End PBXResourcesBuildPhase section */

/* Begin PBXShellScriptBuildPhase section */
		9336FC2A29C6ACB0908F53C4 /* [CP] Check Pods Manifest.lock */ = {
			isa = PBXShellScriptBuildPhase;
			buildActionMask = 2147483647;
			files = (
			);
			inputFileListPaths = (
			);
			inputPaths = (
				"${PODS_PODFILE_DIR_PATH}/Podfile.lock",
				"${PODS_ROOT}/Manifest.lock",
			);
			name = "[CP] Check Pods Manifest.lock";
			outputFileListPaths = (
			);
			outputPaths = (
				"$(DERIVED_FILE_DIR)/Pods-TechLabDemo-checkManifestLockResult.txt",
			);
			runOnlyForDeploymentPostprocessing = 0;
			shellPath = /bin/sh;
			shellScript = "diff \"${PODS_PODFILE_DIR_PATH}/Podfile.lock\" \"${PODS_ROOT}/Manifest.lock\" > /dev/null\nif [ $? != 0 ] ; then\n    # print error to STDERR\n    echo \"error: The sandbox is not in sync with the Podfile.lock. Run 'pod install' or update your CocoaPods installation.\" >&2\n    exit 1\nfi\n# This output is used by Xcode 'outputs' to avoid re-running this script phase.\necho \"SUCCESS\" > \"${SCRIPT_OUTPUT_FILE_0}\"\n";
			showEnvVarsInLog = 0;
		};
		E1CB6C70829C5CEED31520EB /* [CP] Embed Pods Frameworks */ = {
			isa = PBXShellScriptBuildPhase;
			buildActionMask = 2147483647;
			files = (
			);
			inputFileListPaths = (
				"${PODS_ROOT}/Target Support Files/Pods-TechLabDemo/Pods-TechLabDemo-frameworks-${CONFIGURATION}-input-files.xcfilelist",
			);
			name = "[CP] Embed Pods Frameworks";
			outputFileListPaths = (
				"${PODS_ROOT}/Target Support Files/Pods-TechLabDemo/Pods-TechLabDemo-frameworks-${CONFIGURATION}-output-files.xcfilelist",
			);
			runOnlyForDeploymentPostprocessing = 0;
			shellPath = /bin/sh;
			shellScript = "\"${PODS_ROOT}/Target Support Files/Pods-TechLabDemo/Pods-TechLabDemo-frameworks.sh\"\n";
			showEnvVarsInLog = 0;
		};
/* End PBXShellScriptBuildPhase section */

/* Begin PBXSourcesBuildPhase section */
		7CD6C6D22702194500C1487F /* Sources */ = {
			isa = PBXSourcesBuildPhase;
			buildActionMask = 2147483647;
			files = (
				7CD6C726270233ED00C1487F /* AppDelegate.swift in Sources */,
				7CD6C71C2702322700C1487F /* FoodsVC.swift in Sources */,
				7CD6C71327021C6500C1487F /* Structs.swift in Sources */,
				7CD6C7222702334600C1487F /* FoodsVCHeaderView.swift in Sources */,
				7CD6C71627021C6500C1487F /* Extensions.swift in Sources */,
				7CD6C720270232F100C1487F /* FoodsVCContentCell.swift in Sources */,
				7CD6C71E2702324D00C1487F /* ReceipeDetailsVC.swift in Sources */,
				7CD6C71527021C6500C1487F /* RequestManager.swift in Sources */,
				7CD6C71427021C6500C1487F /* Constants.swift in Sources */,
				7CD6C71827021C6500C1487F /* Utils.swift in Sources */,
			);
			runOnlyForDeploymentPostprocessing = 0;
		};
/* End PBXSourcesBuildPhase section */

/* Begin XCBuildConfiguration section */
		7CD6C6E82702194600C1487F /* Debug */ = {
			isa = XCBuildConfiguration;
			buildSettings = {
				ALWAYS_SEARCH_USER_PATHS = NO;
				CLANG_ANALYZER_NONNULL = YES;
				CLANG_ANALYZER_NUMBER_OBJECT_CONVERSION = YES_AGGRESSIVE;
				CLANG_CXX_LANGUAGE_STANDARD = "gnu++14";
				CLANG_CXX_LIBRARY = "libc++";
				CLANG_ENABLE_MODULES = YES;
				CLANG_ENABLE_OBJC_ARC = YES;
				CLANG_ENABLE_OBJC_WEAK = YES;
				CLANG_WARN_BLOCK_CAPTURE_AUTORELEASING = YES;
				CLANG_WARN_BOOL_CONVERSION = YES;
				CLANG_WARN_COMMA = YES;
				CLANG_WARN_CONSTANT_CONVERSION = YES;
				CLANG_WARN_DEPRECATED_OBJC_IMPLEMENTATIONS = YES;
				CLANG_WARN_DIRECT_OBJC_ISA_USAGE = YES_ERROR;
				CLANG_WARN_DOCUMENTATION_COMMENTS = YES;
				CLANG_WARN_EMPTY_BODY = YES;
				CLANG_WARN_ENUM_CONVERSION = YES;
				CLANG_WARN_INFINITE_RECURSION = YES;
				CLANG_WARN_INT_CONVERSION = YES;
				CLANG_WARN_NON_LITERAL_NULL_CONVERSION = YES;
				CLANG_WARN_OBJC_IMPLICIT_RETAIN_SELF = YES;
				CLANG_WARN_OBJC_LITERAL_CONVERSION = YES;
				CLANG_WARN_OBJC_ROOT_CLASS = YES_ERROR;
				CLANG_WARN_QUOTED_INCLUDE_IN_FRAMEWORK_HEADER = YES;
				CLANG_WARN_RANGE_LOOP_ANALYSIS = YES;
				CLANG_WARN_STRICT_PROTOTYPES = YES;
				CLANG_WARN_SUSPICIOUS_MOVE = YES;
				CLANG_WARN_UNGUARDED_AVAILABILITY = YES_AGGRESSIVE;
				CLANG_WARN_UNREACHABLE_CODE = YES;
				CLANG_WARN__DUPLICATE_METHOD_MATCH = YES;
				COPY_PHASE_STRIP = NO;
				DEBUG_INFORMATION_FORMAT = dwarf;
				ENABLE_STRICT_OBJC_MSGSEND = YES;
				ENABLE_TESTABILITY = YES;
				GCC_C_LANGUAGE_STANDARD = gnu11;
				GCC_DYNAMIC_NO_PIC = NO;
				GCC_NO_COMMON_BLOCKS = YES;
				GCC_OPTIMIZATION_LEVEL = 0;
				GCC_PREPROCESSOR_DEFINITIONS = (
					"DEBUG=1",
					"$(inherited)",
				);
				GCC_WARN_64_TO_32_BIT_CONVERSION = YES;
				GCC_WARN_ABOUT_RETURN_TYPE = YES_ERROR;
				GCC_WARN_UNDECLARED_SELECTOR = YES;
				GCC_WARN_UNINITIALIZED_AUTOS = YES_AGGRESSIVE;
				GCC_WARN_UNUSED_FUNCTION = YES;
				GCC_WARN_UNUSED_VARIABLE = YES;
				IPHONEOS_DEPLOYMENT_TARGET = 14.5;
				MTL_ENABLE_DEBUG_INFO = INCLUDE_SOURCE;
				MTL_FAST_MATH = YES;
				ONLY_ACTIVE_ARCH = YES;
				SDKROOT = iphoneos;
				SWIFT_ACTIVE_COMPILATION_CONDITIONS = DEBUG;
				SWIFT_OPTIMIZATION_LEVEL = "-Onone";
			};
			name = Debug;
		};
		7CD6C6E92702194600C1487F /* Release */ = {
			isa = XCBuildConfiguration;
			buildSettings = {
				ALWAYS_SEARCH_USER_PATHS = NO;
				CLANG_ANALYZER_NONNULL = YES;
				CLANG_ANALYZER_NUMBER_OBJECT_CONVERSION = YES_AGGRESSIVE;
				CLANG_CXX_LANGUAGE_STANDARD = "gnu++14";
				CLANG_CXX_LIBRARY = "libc++";
				CLANG_ENABLE_MODULES = YES;
				CLANG_ENABLE_OBJC_ARC = YES;
				CLANG_ENABLE_OBJC_WEAK = YES;
				CLANG_WARN_BLOCK_CAPTURE_AUTORELEASING = YES;
				CLANG_WARN_BOOL_CONVERSION = YES;
				CLANG_WARN_COMMA = YES;
				CLANG_WARN_CONSTANT_CONVERSION = YES;
				CLANG_WARN_DEPRECATED_OBJC_IMPLEMENTATIONS = YES;
				CLANG_WARN_DIRECT_OBJC_ISA_USAGE = YES_ERROR;
				CLANG_WARN_DOCUMENTATION_COMMENTS = YES;
				CLANG_WARN_EMPTY_BODY = YES;
				CLANG_WARN_ENUM_CONVERSION = YES;
				CLANG_WARN_INFINITE_RECURSION = YES;
				CLANG_WARN_INT_CONVERSION = YES;
				CLANG_WARN_NON_LITERAL_NULL_CONVERSION = YES;
				CLANG_WARN_OBJC_IMPLICIT_RETAIN_SELF = YES;
				CLANG_WARN_OBJC_LITERAL_CONVERSION = YES;
				CLANG_WARN_OBJC_ROOT_CLASS = YES_ERROR;
				CLANG_WARN_QUOTED_INCLUDE_IN_FRAMEWORK_HEADER = YES;
				CLANG_WARN_RANGE_LOOP_ANALYSIS = YES;
				CLANG_WARN_STRICT_PROTOTYPES = YES;
				CLANG_WARN_SUSPICIOUS_MOVE = YES;
				CLANG_WARN_UNGUARDED_AVAILABILITY = YES_AGGRESSIVE;
				CLANG_WARN_UNREACHABLE_CODE = YES;
				CLANG_WARN__DUPLICATE_METHOD_MATCH = YES;
				COPY_PHASE_STRIP = NO;
				DEBUG_INFORMATION_FORMAT = "dwarf-with-dsym";
				ENABLE_NS_ASSERTIONS = NO;
				ENABLE_STRICT_OBJC_MSGSEND = YES;
				GCC_C_LANGUAGE_STANDARD = gnu11;
				GCC_NO_COMMON_BLOCKS = YES;
				GCC_WARN_64_TO_32_BIT_CONVERSION = YES;
				GCC_WARN_ABOUT_RETURN_TYPE = YES_ERROR;
				GCC_WARN_UNDECLARED_SELECTOR = YES;
				GCC_WARN_UNINITIALIZED_AUTOS = YES_AGGRESSIVE;
				GCC_WARN_UNUSED_FUNCTION = YES;
				GCC_WARN_UNUSED_VARIABLE = YES;
				IPHONEOS_DEPLOYMENT_TARGET = 14.5;
				MTL_ENABLE_DEBUG_INFO = NO;
				MTL_FAST_MATH = YES;
				SDKROOT = iphoneos;
				SWIFT_COMPILATION_MODE = wholemodule;
				SWIFT_OPTIMIZATION_LEVEL = "-O";
				VALIDATE_PRODUCT = YES;
			};
			name = Release;
		};
		7CD6C6EB2702194600C1487F /* Debug */ = {
			isa = XCBuildConfiguration;
			baseConfigurationReference = A38D469DC25161E1203CA61D /* Pods-TechLabDemo.debug.xcconfig */;
			buildSettings = {
				ASSETCATALOG_COMPILER_APPICON_NAME = AppIcon;
				ASSETCATALOG_COMPILER_GLOBAL_ACCENT_COLOR_NAME = AccentColor;
				CODE_SIGN_STYLE = Automatic;
				DEVELOPMENT_TEAM = 7PWA69RC7Z;
				INFOPLIST_FILE = TechLabDemo/Info.plist;
				IPHONEOS_DEPLOYMENT_TARGET = 12.1;
				LD_RUNPATH_SEARCH_PATHS = (
					"$(inherited)",
					"@executable_path/Frameworks",
				);
				PRODUCT_BUNDLE_IDENTIFIER = com.neorcha.TechLabDemo;
				PRODUCT_NAME = "$(TARGET_NAME)";
				SWIFT_VERSION = 5.0;
				TARGETED_DEVICE_FAMILY = "1,2";
			};
			name = Debug;
		};
		7CD6C6EC2702194600C1487F /* Release */ = {
			isa = XCBuildConfiguration;
			baseConfigurationReference = 06C290A7BCBE3D94DDB5C55A /* Pods-TechLabDemo.release.xcconfig */;
			buildSettings = {
				ASSETCATALOG_COMPILER_APPICON_NAME = AppIcon;
				ASSETCATALOG_COMPILER_GLOBAL_ACCENT_COLOR_NAME = AccentColor;
				CODE_SIGN_STYLE = Automatic;
				DEVELOPMENT_TEAM = 7PWA69RC7Z;
				INFOPLIST_FILE = TechLabDemo/Info.plist;
				IPHONEOS_DEPLOYMENT_TARGET = 12.1;
				LD_RUNPATH_SEARCH_PATHS = (
					"$(inherited)",
					"@executable_path/Frameworks",
				);
				PRODUCT_BUNDLE_IDENTIFIER = com.neorcha.TechLabDemo;
				PRODUCT_NAME = "$(TARGET_NAME)";
				SWIFT_VERSION = 5.0;
				TARGETED_DEVICE_FAMILY = "1,2";
			};
			name = Release;
		};
/* End XCBuildConfiguration section */

/* Begin XCConfigurationList section */
		7CD6C6D12702194500C1487F /* Build configuration list for PBXProject "TechLabDemo" */ = {
			isa = XCConfigurationList;
			buildConfigurations = (
				7CD6C6E82702194600C1487F /* Debug */,
				7CD6C6E92702194600C1487F /* Release */,
			);
			defaultConfigurationIsVisible = 0;
			defaultConfigurationName = Release;
		};
		7CD6C6EA2702194600C1487F /* Build configuration list for PBXNativeTarget "TechLabDemo" */ = {
			isa = XCConfigurationList;
			buildConfigurations = (
				7CD6C6EB2702194600C1487F /* Debug */,
				7CD6C6EC2702194600C1487F /* Release */,
			);
			defaultConfigurationIsVisible = 0;
			defaultConfigurationName = Release;
		};
/* End XCConfigurationList section */
	};
	rootObject = 7CD6C6CE2702194500C1487F /* Project object */;
}
